
Microsoft Visual Studio Solution File, Format Version 12.00
# Visual Studio Version 17
VisualStudioVersion = 17.1.32228.430
MinimumVisualStudioVersion = 10.0.40219.1
Project("{9A19103F-16F7-4668-BE54-9A1E7A4F7556}") = "POMLab5", "POMLab5\POMLab5.csproj", "{369382D9-B273-42F9-9E9E-142784ED1314}"
EndProject
Project("{FAE04EC0-301F-11D3-BF4B-00C04F79EFBC}") = "POMTests", "POMTests\POMTests.csproj", "{A71E0CD3-FB34-448A-8BD3-40FD02D301B3}"
EndProject
Global
	GlobalSection(SolutionConfigurationPlatforms) = preSolution
		Debug|Any CPU = Debug|Any CPU
		Release|Any CPU = Release|Any CPU
	EndGlobalSection
	GlobalSection(ProjectConfigurationPlatforms) = postSolution
		{369382D9-B273-42F9-9E9E-142784ED1314}.Debug|Any CPU.ActiveCfg = Debug|Any CPU
		{369382D9-B273-42F9-9E9E-142784ED1314}.Debug|Any CPU.Build.0 = Debug|Any CPU
		{369382D9-B273-42F9-9E9E-142784ED1314}.Release|Any CPU.ActiveCfg = Release|Any CPU
		{369382D9-B273-42F9-9E9E-142784ED1314}.Release|Any CPU.Build.0 = Release|Any CPU
		{A71E0CD3-FB34-448A-8BD3-40FD02D301B3}.Debug|Any CPU.ActiveCfg = Debug|Any CPU
		{A71E0CD3-FB34-448A-8BD3-40FD02D301B3}.Debug|Any CPU.Build.0 = Debug|Any CPU
		{A71E0CD3-FB34-448A-8BD3-40FD02D301B3}.Release|Any CPU.ActiveCfg = Release|Any CPU
		{A71E0CD3-FB34-448A-8BD3-40FD02D301B3}.Release|Any CPU.Build.0 = Release|Any CPU
	EndGlobalSection
	GlobalSection(SolutionProperties) = preSolution
		HideSolutionNode = FALSE
	EndGlobalSection
	GlobalSection(ExtensibilityGlobals) = postSolution
		SolutionGuid = {B4F8F6D6-B8E5-429A-9C78-6A58825723A0}
	EndGlobalSection
EndGlobal
